
Microsoft Visual Studio Solution File, Format Version 12.00
# Visual Studio Version 17
VisualStudioVersion = 17.4.33403.182
MinimumVisualStudioVersion = 10.0.40219.1
Project("{2150E333-8FDC-42A3-9474-1A3956D46DE8}") = "src", "src", "{B763F6BB-372D-4014-B9DF-B06AF0E8764B}"
EndProject
Project("{2150E333-8FDC-42A3-9474-1A3956D46DE8}") = "00.Packages", "00.Packages", "{C9C3BE4A-D151-4DC0-9233-427EAEB4418A}"
EndProject
Project("{2150E333-8FDC-42A3-9474-1A3956D46DE8}") = "01.Core", "01.Core", "{773DC543-9E26-476B-8BE3-080BC91F09B1}"
EndProject
Project("{2150E333-8FDC-42A3-9474-1A3956D46DE8}") = "02.intrastructrue", "02.intrastructrue", "{7F54A8C0-3CCF-469B-8922-BEF1AC6CBD1B}"
EndProject
Project("{2150E333-8FDC-42A3-9474-1A3956D46DE8}") = "03.Presentation", "03.Presentation", "{701B657F-B4BB-48DC-86C7-93AEF319246B}"
EndProject
Project("{FAE04EC0-301F-11D3-BF4B-00C04F79EFBC}") = "AllBlocks.Entities", "AllBlocks.Entities\AllBlocks.Entities.csproj", "{02274B50-B2C0-49CB-854A-2F5E3E948147}"
EndProject
Project("{FAE04EC0-301F-11D3-BF4B-00C04F79EFBC}") = "AllBlocks.Services", "AllBlocks.Services\AllBlocks.Services.csproj", "{31B576F4-5894-410F-9123-CFD7F2AD4A4E}"
EndProject
Project("{FAE04EC0-301F-11D3-BF4B-00C04F79EFBC}") = "AllBlocks.Intrastructure", "AllBlocks.Intrastructure\AllBlocks.Intrastructure.csproj", "{9F2EE7EC-A48C-4EEA-927A-088AA09EE12E}"
EndProject
Project("{FAE04EC0-301F-11D3-BF4B-00C04F79EFBC}") = "AllBlocks.Persistence.EF", "AllBlocks.PersistenceEF\AllBlocks.Persistence.EF.csproj", "{2773681D-79D3-4226-9ED4-C45382F6AC6E}"
EndProject
Project("{FAE04EC0-301F-11D3-BF4B-00C04F79EFBC}") = "AllBlocks.RestApi", "AllBlocks.RestApi\AllBlocks.RestApi.csproj", "{16418A98-FD17-4C8F-83F4-FC89811EBA23}"
EndProject
Project("{FAE04EC0-301F-11D3-BF4B-00C04F79EFBC}") = "Taav.Contracts", "Taav.Contracts\Taav.Contracts.csproj", "{6B033E1D-1E8F-4109-9EBD-CCB5ACBC50BD}"
EndProject
Global
	GlobalSection(SolutionConfigurationPlatforms) = preSolution
		Debug|Any CPU = Debug|Any CPU
		Release|Any CPU = Release|Any CPU
	EndGlobalSection
	GlobalSection(ProjectConfigurationPlatforms) = postSolution
		{02274B50-B2C0-49CB-854A-2F5E3E948147}.Debug|Any CPU.ActiveCfg = Debug|Any CPU
		{02274B50-B2C0-49CB-854A-2F5E3E948147}.Debug|Any CPU.Build.0 = Debug|Any CPU
		{02274B50-B2C0-49CB-854A-2F5E3E948147}.Release|Any CPU.ActiveCfg = Release|Any CPU
		{02274B50-B2C0-49CB-854A-2F5E3E948147}.Release|Any CPU.Build.0 = Release|Any CPU
		{31B576F4-5894-410F-9123-CFD7F2AD4A4E}.Debug|Any CPU.ActiveCfg = Debug|Any CPU
		{31B576F4-5894-410F-9123-CFD7F2AD4A4E}.Debug|Any CPU.Build.0 = Debug|Any CPU
		{31B576F4-5894-410F-9123-CFD7F2AD4A4E}.Release|Any CPU.ActiveCfg = Release|Any CPU
		{31B576F4-5894-410F-9123-CFD7F2AD4A4E}.Release|Any CPU.Build.0 = Release|Any CPU
		{9F2EE7EC-A48C-4EEA-927A-088AA09EE12E}.Debug|Any CPU.ActiveCfg = Debug|Any CPU
		{9F2EE7EC-A48C-4EEA-927A-088AA09EE12E}.Debug|Any CPU.Build.0 = Debug|Any CPU
		{9F2EE7EC-A48C-4EEA-927A-088AA09EE12E}.Release|Any CPU.ActiveCfg = Release|Any CPU
		{9F2EE7EC-A48C-4EEA-927A-088AA09EE12E}.Release|Any CPU.Build.0 = Release|Any CPU
		{2773681D-79D3-4226-9ED4-C45382F6AC6E}.Debug|Any CPU.ActiveCfg = Debug|Any CPU
		{2773681D-79D3-4226-9ED4-C45382F6AC6E}.Debug|Any CPU.Build.0 = Debug|Any CPU
		{2773681D-79D3-4226-9ED4-C45382F6AC6E}.Release|Any CPU.ActiveCfg = Release|Any CPU
		{2773681D-79D3-4226-9ED4-C45382F6AC6E}.Release|Any CPU.Build.0 = Release|Any CPU
		{16418A98-FD17-4C8F-83F4-FC89811EBA23}.Debug|Any CPU.ActiveCfg = Debug|Any CPU
		{16418A98-FD17-4C8F-83F4-FC89811EBA23}.Debug|Any CPU.Build.0 = Debug|Any CPU
		{16418A98-FD17-4C8F-83F4-FC89811EBA23}.Release|Any CPU.ActiveCfg = Release|Any CPU
		{16418A98-FD17-4C8F-83F4-FC89811EBA23}.Release|Any CPU.Build.0 = Release|Any CPU
		{6B033E1D-1E8F-4109-9EBD-CCB5ACBC50BD}.Debug|Any CPU.ActiveCfg = Debug|Any CPU
		{6B033E1D-1E8F-4109-9EBD-CCB5ACBC50BD}.Debug|Any CPU.Build.0 = Debug|Any CPU
		{6B033E1D-1E8F-4109-9EBD-CCB5ACBC50BD}.Release|Any CPU.ActiveCfg = Release|Any CPU
		{6B033E1D-1E8F-4109-9EBD-CCB5ACBC50BD}.Release|Any CPU.Build.0 = Release|Any CPU
	EndGlobalSection
	GlobalSection(SolutionProperties) = preSolution
		HideSolutionNode = FALSE
	EndGlobalSection
	GlobalSection(NestedProjects) = preSolution
		{C9C3BE4A-D151-4DC0-9233-427EAEB4418A} = {B763F6BB-372D-4014-B9DF-B06AF0E8764B}
		{773DC543-9E26-476B-8BE3-080BC91F09B1} = {B763F6BB-372D-4014-B9DF-B06AF0E8764B}
		{7F54A8C0-3CCF-469B-8922-BEF1AC6CBD1B} = {B763F6BB-372D-4014-B9DF-B06AF0E8764B}
		{701B657F-B4BB-48DC-86C7-93AEF319246B} = {B763F6BB-372D-4014-B9DF-B06AF0E8764B}
		{02274B50-B2C0-49CB-854A-2F5E3E948147} = {773DC543-9E26-476B-8BE3-080BC91F09B1}
		{31B576F4-5894-410F-9123-CFD7F2AD4A4E} = {773DC543-9E26-476B-8BE3-080BC91F09B1}
		{9F2EE7EC-A48C-4EEA-927A-088AA09EE12E} = {7F54A8C0-3CCF-469B-8922-BEF1AC6CBD1B}
		{2773681D-79D3-4226-9ED4-C45382F6AC6E} = {7F54A8C0-3CCF-469B-8922-BEF1AC6CBD1B}
		{16418A98-FD17-4C8F-83F4-FC89811EBA23} = {701B657F-B4BB-48DC-86C7-93AEF319246B}
		{6B033E1D-1E8F-4109-9EBD-CCB5ACBC50BD} = {C9C3BE4A-D151-4DC0-9233-427EAEB4418A}
	EndGlobalSection
	GlobalSection(ExtensibilityGlobals) = postSolution
		SolutionGuid = {73F19668-FA1D-4066-ADFE-0E13FEDCFFFA}
	EndGlobalSection
EndGlobal
